
Microsoft Visual Studio Solution File, Format Version 12.00
# Visual Studio Version 17
VisualStudioVersion = 17.8.34511.84
MinimumVisualStudioVersion = 10.0.40219.1
Project("{FAE04EC0-301F-11D3-BF4B-00C04F79EFBC}") = "Encryptacion", "Encryptacion\Encryptacion.csproj", "{C554C0B6-BD91-44F5-AAAE-015F1E7ECDCE}"
EndProject
Global
	GlobalSection(SolutionConfigurationPlatforms) = preSolution
		Debug|Any CPU = Debug|Any CPU
		Release|Any CPU = Release|Any CPU
	EndGlobalSection
	GlobalSection(ProjectConfigurationPlatforms) = postSolution
		{C554C0B6-BD91-44F5-AAAE-015F1E7ECDCE}.Debug|Any CPU.ActiveCfg = Debug|Any CPU
		{C554C0B6-BD91-44F5-AAAE-015F1E7ECDCE}.Debug|Any CPU.Build.0 = Debug|Any CPU
		{C554C0B6-BD91-44F5-AAAE-015F1E7ECDCE}.Release|Any CPU.ActiveCfg = Release|Any CPU
		{C554C0B6-BD91-44F5-AAAE-015F1E7ECDCE}.Release|Any CPU.Build.0 = Release|Any CPU
	EndGlobalSection
	GlobalSection(SolutionProperties) = preSolution
		HideSolutionNode = FALSE
	EndGlobalSection
	GlobalSection(ExtensibilityGlobals) = postSolution
		SolutionGuid = {03FB0952-508B-4814-9D84-159F1A147A0C}
	EndGlobalSection
EndGlobal
